
Microsoft Visual Studio Solution File, Format Version 12.00
# Visual Studio Version 17
VisualStudioVersion = 17.5.33627.172
MinimumVisualStudioVersion = 10.0.40219.1
Project("{FAE04EC0-301F-11D3-BF4B-00C04F79EFBC}") = "GIVE_AID", "GIVE_AID\GIVE_AID.csproj", "{5BFD3889-5656-4D44-A21C-4A03F57E16CE}"
EndProject
Global
	GlobalSection(SolutionConfigurationPlatforms) = preSolution
		Debug|Any CPU = Debug|Any CPU
		Release|Any CPU = Release|Any CPU
	EndGlobalSection
	GlobalSection(ProjectConfigurationPlatforms) = postSolution
		{5BFD3889-5656-4D44-A21C-4A03F57E16CE}.Debug|Any CPU.ActiveCfg = Debug|Any CPU
		{5BFD3889-5656-4D44-A21C-4A03F57E16CE}.Debug|Any CPU.Build.0 = Debug|Any CPU
		{5BFD3889-5656-4D44-A21C-4A03F57E16CE}.Release|Any CPU.ActiveCfg = Release|Any CPU
		{5BFD3889-5656-4D44-A21C-4A03F57E16CE}.Release|Any CPU.Build.0 = Release|Any CPU
	EndGlobalSection
	GlobalSection(SolutionProperties) = preSolution
		HideSolutionNode = FALSE
	EndGlobalSection
	GlobalSection(ExtensibilityGlobals) = postSolution
		SolutionGuid = {6EE9D7F9-0955-487F-8A52-340B53BAF1D6}
	EndGlobalSection
EndGlobal
